
Microsoft Visual Studio Solution File, Format Version 12.00
# Visual Studio Version 17
VisualStudioVersion = 17.5.002.0
MinimumVisualStudioVersion = 10.0.40219.1
Project("{9A19103F-16F7-4668-BE54-9A1E7A4F7556}") = "NicoGrab", "NicoGrab\NicoGrab.csproj", "{8E4DD856-86F4-47F2-9667-CF231C114F7A}"
EndProject
Project("{9A19103F-16F7-4668-BE54-9A1E7A4F7556}") = "NicoLib", "NicoLib\NicoLib.csproj", "{70A746C5-4077-4F12-985F-05B8311425F4}"
EndProject
Project("{9A19103F-16F7-4668-BE54-9A1E7A4F7556}") = "Dormin", "Dormin\Dormin.csproj", "{EA56FC70-81BF-4C06-B71A-FB419AEB4E16}"
EndProject
Project("{FAE04EC0-301F-11D3-BF4B-00C04F79EFBC}") = "Viewer", "Viewer\Viewer.csproj", "{3E910535-E374-4678-8D5B-09A380EC8F56}"
EndProject
Global
	GlobalSection(SolutionConfigurationPlatforms) = preSolution
		Debug|Any CPU = Debug|Any CPU
		Release|Any CPU = Release|Any CPU
	EndGlobalSection
	GlobalSection(ProjectConfigurationPlatforms) = postSolution
		{8E4DD856-86F4-47F2-9667-CF231C114F7A}.Debug|Any CPU.ActiveCfg = Debug|Any CPU
		{8E4DD856-86F4-47F2-9667-CF231C114F7A}.Debug|Any CPU.Build.0 = Debug|Any CPU
		{8E4DD856-86F4-47F2-9667-CF231C114F7A}.Release|Any CPU.ActiveCfg = Release|Any CPU
		{8E4DD856-86F4-47F2-9667-CF231C114F7A}.Release|Any CPU.Build.0 = Release|Any CPU
		{70A746C5-4077-4F12-985F-05B8311425F4}.Debug|Any CPU.ActiveCfg = Debug|Any CPU
		{70A746C5-4077-4F12-985F-05B8311425F4}.Debug|Any CPU.Build.0 = Debug|Any CPU
		{70A746C5-4077-4F12-985F-05B8311425F4}.Release|Any CPU.ActiveCfg = Release|Any CPU
		{70A746C5-4077-4F12-985F-05B8311425F4}.Release|Any CPU.Build.0 = Release|Any CPU
		{EA56FC70-81BF-4C06-B71A-FB419AEB4E16}.Debug|Any CPU.ActiveCfg = Debug|Any CPU
		{EA56FC70-81BF-4C06-B71A-FB419AEB4E16}.Debug|Any CPU.Build.0 = Debug|Any CPU
		{EA56FC70-81BF-4C06-B71A-FB419AEB4E16}.Release|Any CPU.ActiveCfg = Release|Any CPU
		{EA56FC70-81BF-4C06-B71A-FB419AEB4E16}.Release|Any CPU.Build.0 = Release|Any CPU
		{3E910535-E374-4678-8D5B-09A380EC8F56}.Debug|Any CPU.ActiveCfg = Debug|Any CPU
		{3E910535-E374-4678-8D5B-09A380EC8F56}.Debug|Any CPU.Build.0 = Debug|Any CPU
		{3E910535-E374-4678-8D5B-09A380EC8F56}.Release|Any CPU.ActiveCfg = Release|Any CPU
		{3E910535-E374-4678-8D5B-09A380EC8F56}.Release|Any CPU.Build.0 = Release|Any CPU
	EndGlobalSection
	GlobalSection(SolutionProperties) = preSolution
		HideSolutionNode = FALSE
	EndGlobalSection
	GlobalSection(ExtensibilityGlobals) = postSolution
		SolutionGuid = {F4705D7B-BDDB-4C65-9929-FEC93003D4A7}
	EndGlobalSection
EndGlobal
